// !$*UTF8*$!
{
	archiveVersion = 1;
	classes = {
	};
	objectVersion = 77;
	objects = {

/* Begin PBXBuildFile section */
		4A0000010000000000000001 /* WebGuardApp.swift in Sources */ = {isa = PBXBuildFile; fileRef = 4A0000010000000000000101 /* WebGuardApp.swift */; };
		4A0000010000000000000002 /* AppState.swift in Sources */ = {isa = PBXBuildFile; fileRef = 4A0000010000000000000102 /* AppState.swift */; };
		4A0000010000000000000003 /* APNsService.swift in Sources */ = {isa = PBXBuildFile; fileRef = 4A0000010000000000000103 /* APNsService.swift */; };
		4A0000010000000000000004 /* WebGuardAPIClient.swift in Sources */ = {isa = PBXBuildFile; fileRef = 4A0000010000000000000104 /* WebGuardAPIClient.swift */; };
		4A0000010000000000000005 /* KeychainStore.swift in Sources */ = {isa = PBXBuildFile; fileRef = 4A0000010000000000000105 /* KeychainStore.swift */; };
		4A0000010000000000000006 /* LocalCache.swift in Sources */ = {isa = PBXBuildFile; fileRef = 4A0000010000000000000106 /* LocalCache.swift */; };
		4A0000010000000000000007 /* Models.swift in Sources */ = {isa = PBXBuildFile; fileRef = 4A0000010000000000000107 /* Models.swift */; };
		4A0000010000000000000008 /* Brand.swift in Sources */ = {isa = PBXBuildFile; fileRef = 4A0000010000000000000108 /* Brand.swift */; };
		4A0000010000000000000009 /* RootView.swift in Sources */ = {isa = PBXBuildFile; fileRef = 4A0000010000000000000109 /* RootView.swift */; };
		4A000001000000000000000A /* ConnectView.swift in Sources */ = {isa = PBXBuildFile; fileRef = 4A000001000000000000010A /* ConnectView.swift */; };
		4A000001000000000000000B /* PushSetupView.swift in Sources */ = {isa = PBXBuildFile; fileRef = 4A000001000000000000010B /* PushSetupView.swift */; };
		4A000001000000000000000C /* MonitoringListView.swift in Sources */ = {isa = PBXBuildFile; fileRef = 4A000001000000000000010C /* MonitoringListView.swift */; };
		4A000001000000000000000D /* NotificationsView.swift in Sources */ = {isa = PBXBuildFile; fileRef = 4A000001000000000000010D /* NotificationsView.swift */; };
		4A000001000000000000000E /* SettingsView.swift in Sources */ = {isa = PBXBuildFile; fileRef = 4A000001000000000000010E /* SettingsView.swift */; };
		4A000001000000000000000F /* Assets.xcassets in Resources */ = {isa = PBXBuildFile; fileRef = 4A000001000000000000010F /* Assets.xcassets */; };
		4A0000010000000000000010 /* PrivacyInfo.xcprivacy in Resources */ = {isa = PBXBuildFile; fileRef = 4A0000010000000000000114 /* PrivacyInfo.xcprivacy */; };
		4A0000010000000000000011 /* WidgetSnapshot.swift in Sources */ = {isa = PBXBuildFile; fileRef = 4A0000010000000000000118 /* WidgetSnapshot.swift */; };
		4A0000010000000000000012 /* WebGuardWidget.swift in Sources */ = {isa = PBXBuildFile; fileRef = 4A0000010000000000000116 /* WebGuardWidget.swift */; };
		4A0000010000000000000013 /* WidgetSnapshot.swift in Widget Sources */ = {isa = PBXBuildFile; fileRef = 4A0000010000000000000118 /* WidgetSnapshot.swift */; };
		4A0000010000000000000014 /* WebGuardWidget.appex in Embed Foundation Extensions */ = {isa = PBXBuildFile; fileRef = 4A0000010000000000000115 /* WebGuardWidget.appex */; settings = {ATTRIBUTES = (RemoveHeadersOnCopy, ); }; };
		4A0000020000000000000001 /* WebGuardTests.swift in Sources */ = {isa = PBXBuildFile; fileRef = 4A0000020000000000000101 /* WebGuardTests.swift */; };
/* End PBXBuildFile section */

/* Begin PBXContainerItemProxy section */
		4A0000020000000000000800 /* PBXContainerItemProxy */ = {
			isa = PBXContainerItemProxy;
			containerPortal = 4A0000010000000000000401 /* Project object */;
			proxyType = 1;
			remoteGlobalIDString = 4A0000010000000000000400;
			remoteInfo = WebGuard;
		};
		4A0000030000000000000800 /* PBXContainerItemProxy */ = {
			isa = PBXContainerItemProxy;
			containerPortal = 4A0000010000000000000401 /* Project object */;
			proxyType = 1;
			remoteGlobalIDString = 4A0000030000000000000402;
			remoteInfo = WebGuardWidget;
		};
/* End PBXContainerItemProxy section */

/* Begin PBXFileReference section */
		4A0000010000000000000100 /* WebGuard.app */ = {isa = PBXFileReference; explicitFileType = wrapper.application; includeInIndex = 0; path = WebGuard.app; sourceTree = BUILT_PRODUCTS_DIR; };
		4A0000010000000000000101 /* WebGuardApp.swift */ = {isa = PBXFileReference; lastKnownFileType = sourcecode.swift; path = WebGuardApp.swift; sourceTree = "<group>"; };
		4A0000010000000000000102 /* AppState.swift */ = {isa = PBXFileReference; lastKnownFileType = sourcecode.swift; path = AppState.swift; sourceTree = "<group>"; };
		4A0000010000000000000103 /* APNsService.swift */ = {isa = PBXFileReference; lastKnownFileType = sourcecode.swift; path = APNsService.swift; sourceTree = "<group>"; };
		4A0000010000000000000104 /* WebGuardAPIClient.swift */ = {isa = PBXFileReference; lastKnownFileType = sourcecode.swift; path = WebGuardAPIClient.swift; sourceTree = "<group>"; };
		4A0000010000000000000105 /* KeychainStore.swift */ = {isa = PBXFileReference; lastKnownFileType = sourcecode.swift; path = KeychainStore.swift; sourceTree = "<group>"; };
		4A0000010000000000000106 /* LocalCache.swift */ = {isa = PBXFileReference; lastKnownFileType = sourcecode.swift; path = LocalCache.swift; sourceTree = "<group>"; };
		4A0000010000000000000107 /* Models.swift */ = {isa = PBXFileReference; lastKnownFileType = sourcecode.swift; path = Models.swift; sourceTree = "<group>"; };
		4A0000010000000000000108 /* Brand.swift */ = {isa = PBXFileReference; lastKnownFileType = sourcecode.swift; path = Brand.swift; sourceTree = "<group>"; };
		4A0000010000000000000109 /* RootView.swift */ = {isa = PBXFileReference; lastKnownFileType = sourcecode.swift; path = RootView.swift; sourceTree = "<group>"; };
		4A000001000000000000010A /* ConnectView.swift */ = {isa = PBXFileReference; lastKnownFileType = sourcecode.swift; path = ConnectView.swift; sourceTree = "<group>"; };
		4A000001000000000000010B /* PushSetupView.swift */ = {isa = PBXFileReference; lastKnownFileType = sourcecode.swift; path = PushSetupView.swift; sourceTree = "<group>"; };
		4A000001000000000000010C /* MonitoringListView.swift */ = {isa = PBXFileReference; lastKnownFileType = sourcecode.swift; path = MonitoringListView.swift; sourceTree = "<group>"; };
		4A000001000000000000010D /* NotificationsView.swift */ = {isa = PBXFileReference; lastKnownFileType = sourcecode.swift; path = NotificationsView.swift; sourceTree = "<group>"; };
		4A000001000000000000010E /* SettingsView.swift */ = {isa = PBXFileReference; lastKnownFileType = sourcecode.swift; path = SettingsView.swift; sourceTree = "<group>"; };
		4A000001000000000000010F /* Assets.xcassets */ = {isa = PBXFileReference; lastKnownFileType = folder.assetcatalog; path = Assets.xcassets; sourceTree = "<group>"; };
		4A0000010000000000000110 /* Info.plist */ = {isa = PBXFileReference; lastKnownFileType = text.plist.xml; path = Info.plist; sourceTree = "<group>"; };
		4A0000010000000000000111 /* WebGuard.entitlements */ = {isa = PBXFileReference; lastKnownFileType = text.plist.entitlements; path = WebGuard.entitlements; sourceTree = "<group>"; };
		4A0000010000000000000112 /* Debug.xcconfig */ = {isa = PBXFileReference; lastKnownFileType = text.xcconfig; path = Config/Debug.xcconfig; sourceTree = "<group>"; };
		4A0000010000000000000113 /* Release.xcconfig */ = {isa = PBXFileReference; lastKnownFileType = text.xcconfig; path = Config/Release.xcconfig; sourceTree = "<group>"; };
		4A0000010000000000000114 /* PrivacyInfo.xcprivacy */ = {isa = PBXFileReference; lastKnownFileType = text.plist.xml; path = PrivacyInfo.xcprivacy; sourceTree = "<group>"; };
		4A0000010000000000000115 /* WebGuardWidget.appex */ = {isa = PBXFileReference; explicitFileType = wrapper.app-extension; includeInIndex = 0; path = WebGuardWidget.appex; sourceTree = BUILT_PRODUCTS_DIR; };
		4A0000010000000000000116 /* WebGuardWidget.swift */ = {isa = PBXFileReference; lastKnownFileType = sourcecode.swift; path = WebGuardWidget.swift; sourceTree = "<group>"; };
		4A0000010000000000000117 /* WebGuardWidget Info.plist */ = {isa = PBXFileReference; lastKnownFileType = text.plist.xml; path = Info.plist; sourceTree = "<group>"; };
		4A0000010000000000000118 /* WidgetSnapshot.swift */ = {isa = PBXFileReference; lastKnownFileType = sourcecode.swift; path = WidgetSnapshot.swift; sourceTree = "<group>"; };
		4A000001000000000000011A /* WebGuardWidget.entitlements */ = {isa = PBXFileReference; lastKnownFileType = text.plist.entitlements; path = WebGuardWidget.entitlements; sourceTree = "<group>"; };
		4A0000020000000000000100 /* WebGuardTests.xctest */ = {isa = PBXFileReference; explicitFileType = wrapper.cfbundle; includeInIndex = 0; path = WebGuardTests.xctest; sourceTree = BUILT_PRODUCTS_DIR; };
		4A0000020000000000000101 /* WebGuardTests.swift */ = {isa = PBXFileReference; lastKnownFileType = sourcecode.swift; path = WebGuardTests.swift; sourceTree = "<group>"; };
/* End PBXFileReference section */

/* Begin PBXFrameworksBuildPhase section */
		4A0000010000000000000200 /* Frameworks */ = {
			isa = PBXFrameworksBuildPhase;
			buildActionMask = 2147483647;
			files = (
			);
			runOnlyForDeploymentPostprocessing = 0;
		};
		4A0000020000000000000200 /* Frameworks */ = {
			isa = PBXFrameworksBuildPhase;
			buildActionMask = 2147483647;
			files = (
			);
			runOnlyForDeploymentPostprocessing = 0;
		};
		4A0000030000000000000201 /* Frameworks */ = {
			isa = PBXFrameworksBuildPhase;
			buildActionMask = 2147483647;
			files = (
			);
			runOnlyForDeploymentPostprocessing = 0;
		};
/* End PBXFrameworksBuildPhase section */

/* Begin PBXGroup section */
		4A0000010000000000000300 = {
			isa = PBXGroup;
			children = (
				4A0000010000000000000301 /* WebGuard */,
				4A0000020000000000000300 /* WebGuardTests */,
				4A0000030000000000000304 /* WebGuardWidget */,
				4A0000010000000000000302 /* Products */,
			);
			sourceTree = "<group>";
		};
		4A0000010000000000000301 /* WebGuard */ = {
			isa = PBXGroup;
			children = (
				4A0000010000000000000112 /* Debug.xcconfig */,
				4A0000010000000000000113 /* Release.xcconfig */,
				4A0000010000000000000110 /* Info.plist */,
				4A0000010000000000000111 /* WebGuard.entitlements */,
				4A0000010000000000000114 /* PrivacyInfo.xcprivacy */,
				4A0000010000000000000303 /* App */,
				4A000001000000000000010F /* Assets.xcassets */,
			);
			path = WebGuard;
			sourceTree = "<group>";
		};
		4A0000010000000000000302 /* Products */ = {
			isa = PBXGroup;
			children = (
				4A0000010000000000000100 /* WebGuard.app */,
				4A0000020000000000000100 /* WebGuardTests.xctest */,
				4A0000010000000000000115 /* WebGuardWidget.appex */,
			);
			name = Products;
			sourceTree = "<group>";
		};
		4A0000010000000000000303 /* App */ = {
			isa = PBXGroup;
			children = (
				4A0000010000000000000101 /* WebGuardApp.swift */,
				4A0000010000000000000102 /* AppState.swift */,
				4A0000010000000000000103 /* APNsService.swift */,
				4A0000010000000000000104 /* WebGuardAPIClient.swift */,
				4A0000010000000000000105 /* KeychainStore.swift */,
				4A0000010000000000000106 /* LocalCache.swift */,
				4A0000010000000000000107 /* Models.swift */,
				4A0000010000000000000108 /* Brand.swift */,
				4A0000010000000000000109 /* RootView.swift */,
				4A000001000000000000010A /* ConnectView.swift */,
				4A000001000000000000010B /* PushSetupView.swift */,
				4A000001000000000000010C /* MonitoringListView.swift */,
				4A000001000000000000010D /* NotificationsView.swift */,
				4A000001000000000000010E /* SettingsView.swift */,
				4A0000010000000000000118 /* WidgetSnapshot.swift */,
			);
			path = App;
			sourceTree = "<group>";
		};
		4A0000030000000000000304 /* WebGuardWidget */ = {
			isa = PBXGroup;
			children = (
				4A0000010000000000000117 /* WebGuardWidget Info.plist */,
				4A000001000000000000011A /* WebGuardWidget.entitlements */,
				4A0000010000000000000116 /* WebGuardWidget.swift */,
			);
			path = WebGuardWidget;
			sourceTree = "<group>";
		};
		4A0000020000000000000300 /* WebGuardTests */ = {
			isa = PBXGroup;
			children = (
				4A0000020000000000000101 /* WebGuardTests.swift */,
			);
			path = WebGuardTests;
			sourceTree = "<group>";
		};
/* End PBXGroup section */

/* Begin PBXNativeTarget section */
		4A0000010000000000000400 /* WebGuard */ = {
			isa = PBXNativeTarget;
			buildConfigurationList = 4A0000010000000000000601 /* Build configuration list for PBXNativeTarget "WebGuard" */;
			buildPhases = (
				4A0000010000000000000500 /* Sources */,
				4A0000010000000000000200 /* Frameworks */,
				4A0000010000000000000501 /* Resources */,
				4A0000030000000000000504 /* Embed Foundation Extensions */,
			);
			buildRules = (
			);
			dependencies = (
				4A0000030000000000000802 /* PBXTargetDependency */,
			);
			name = WebGuard;
			productName = WebGuard;
			productReference = 4A0000010000000000000100 /* WebGuard.app */;
			productType = "com.apple.product-type.application";
		};
		4A0000020000000000000400 /* WebGuardTests */ = {
			isa = PBXNativeTarget;
			buildConfigurationList = 4A0000020000000000000600 /* Build configuration list for PBXNativeTarget "WebGuardTests" */;
			buildPhases = (
				4A0000020000000000000500 /* Sources */,
				4A0000020000000000000200 /* Frameworks */,
				4A0000020000000000000501 /* Resources */,
			);
			buildRules = (
			);
			dependencies = (
				4A0000020000000000000801 /* PBXTargetDependency */,
			);
			name = WebGuardTests;
			productName = WebGuardTests;
			productReference = 4A0000020000000000000100 /* WebGuardTests.xctest */;
			productType = "com.apple.product-type.bundle.unit-test";
		};
		4A0000030000000000000402 /* WebGuardWidget */ = {
			isa = PBXNativeTarget;
			buildConfigurationList = 4A0000030000000000000602 /* Build configuration list for PBXNativeTarget "WebGuardWidget" */;
			buildPhases = (
				4A0000030000000000000502 /* Sources */,
				4A0000030000000000000201 /* Frameworks */,
				4A0000030000000000000503 /* Resources */,
			);
			buildRules = (
			);
			dependencies = (
			);
			name = WebGuardWidget;
			productName = WebGuardWidget;
			productReference = 4A0000010000000000000115 /* WebGuardWidget.appex */;
			productType = "com.apple.product-type.app-extension";
		};
/* End PBXNativeTarget section */

/* Begin PBXProject section */
		4A0000010000000000000401 /* Project object */ = {
			isa = PBXProject;
			attributes = {
				BuildIndependentTargetsInParallel = 1;
				LastSwiftUpdateCheck = 2660;
				LastUpgradeCheck = 2660;
				TargetAttributes = {
					4A0000010000000000000400 = {
						CreatedOnToolsVersion = 26.6;
					};
					4A0000020000000000000400 = {
						CreatedOnToolsVersion = 26.6;
						TestTargetID = 4A0000010000000000000400;
					};
					4A0000030000000000000402 = {
						CreatedOnToolsVersion = 26.6;
					};
				};
			};
			buildConfigurationList = 4A0000010000000000000600 /* Build configuration list for PBXProject "WebGuard" */;
			developmentRegion = en;
			hasScannedForEncodings = 0;
			knownRegions = (
				en,
				Base,
			);
			mainGroup = 4A0000010000000000000300;
			minimizedProjectReferenceProxies = 1;
			preferredProjectObjectVersion = 77;
			productRefGroup = 4A0000010000000000000302 /* Products */;
			projectDirPath = "";
			projectRoot = "";
			targets = (
				4A0000010000000000000400 /* WebGuard */,
				4A0000020000000000000400 /* WebGuardTests */,
				4A0000030000000000000402 /* WebGuardWidget */,
			);
		};
/* End PBXProject section */

/* Begin PBXResourcesBuildPhase section */
		4A0000010000000000000501 /* Resources */ = {
			isa = PBXResourcesBuildPhase;
			buildActionMask = 2147483647;
			files = (
				4A000001000000000000000F /* Assets.xcassets in Resources */,
				4A0000010000000000000010 /* PrivacyInfo.xcprivacy in Resources */,
			);
			runOnlyForDeploymentPostprocessing = 0;
		};
		4A0000020000000000000501 /* Resources */ = {
			isa = PBXResourcesBuildPhase;
			buildActionMask = 2147483647;
			files = (
			);
			runOnlyForDeploymentPostprocessing = 0;
		};
		4A0000030000000000000503 /* Resources */ = {
			isa = PBXResourcesBuildPhase;
			buildActionMask = 2147483647;
			files = (
			);
			runOnlyForDeploymentPostprocessing = 0;
		};
		4A0000030000000000000504 /* Embed Foundation Extensions */ = {
			isa = PBXCopyFilesBuildPhase;
			buildActionMask = 2147483647;
			dstPath = "";
			dstSubfolderSpec = 13;
			files = (
				4A0000010000000000000014 /* WebGuardWidget.appex in Embed Foundation Extensions */,
			);
			name = "Embed Foundation Extensions";
			runOnlyForDeploymentPostprocessing = 0;
		};
/* End PBXResourcesBuildPhase section */

/* Begin PBXSourcesBuildPhase section */
		4A0000010000000000000500 /* Sources */ = {
			isa = PBXSourcesBuildPhase;
			buildActionMask = 2147483647;
			files = (
				4A0000010000000000000001 /* WebGuardApp.swift in Sources */,
				4A0000010000000000000002 /* AppState.swift in Sources */,
				4A0000010000000000000003 /* APNsService.swift in Sources */,
				4A0000010000000000000004 /* WebGuardAPIClient.swift in Sources */,
				4A0000010000000000000005 /* KeychainStore.swift in Sources */,
				4A0000010000000000000006 /* LocalCache.swift in Sources */,
				4A0000010000000000000007 /* Models.swift in Sources */,
				4A0000010000000000000008 /* Brand.swift in Sources */,
				4A0000010000000000000009 /* RootView.swift in Sources */,
				4A000001000000000000000A /* ConnectView.swift in Sources */,
				4A000001000000000000000B /* PushSetupView.swift in Sources */,
				4A000001000000000000000C /* MonitoringListView.swift in Sources */,
				4A000001000000000000000D /* NotificationsView.swift in Sources */,
				4A000001000000000000000E /* SettingsView.swift in Sources */,
				4A0000010000000000000011 /* WidgetSnapshot.swift in Sources */,
			);
			runOnlyForDeploymentPostprocessing = 0;
		};
		4A0000020000000000000500 /* Sources */ = {
			isa = PBXSourcesBuildPhase;
			buildActionMask = 2147483647;
			files = (
				4A0000020000000000000001 /* WebGuardTests.swift in Sources */,
			);
			runOnlyForDeploymentPostprocessing = 0;
		};
		4A0000030000000000000502 /* Sources */ = {
			isa = PBXSourcesBuildPhase;
			buildActionMask = 2147483647;
			files = (
				4A0000010000000000000012 /* WebGuardWidget.swift in Sources */,
				4A0000010000000000000013 /* WidgetSnapshot.swift in Widget Sources */,
			);
			runOnlyForDeploymentPostprocessing = 0;
		};
/* End PBXSourcesBuildPhase section */

/* Begin PBXTargetDependency section */
		4A0000020000000000000801 /* PBXTargetDependency */ = {
			isa = PBXTargetDependency;
			target = 4A0000010000000000000400 /* WebGuard */;
			targetProxy = 4A0000020000000000000800 /* PBXContainerItemProxy */;
		};
		4A0000030000000000000802 /* PBXTargetDependency */ = {
			isa = PBXTargetDependency;
			target = 4A0000030000000000000402 /* WebGuardWidget */;
			targetProxy = 4A0000030000000000000800 /* PBXContainerItemProxy */;
		};
/* End PBXTargetDependency section */

/* Begin XCBuildConfiguration section */
		4A0000010000000000000700 /* Debug */ = {
			isa = XCBuildConfiguration;
			baseConfigurationReference = 4A0000010000000000000112 /* Debug.xcconfig */;
			buildSettings = {
				CLANG_ENABLE_MODULES = YES;
				CODE_SIGN_STYLE = Automatic;
				ENABLE_PREVIEWS = YES;
				GENERATE_INFOPLIST_FILE = NO;
				INFOPLIST_FILE = WebGuard/Info.plist;
				IPHONEOS_DEPLOYMENT_TARGET = 17.0;
				SDKROOT = iphoneos;
				SWIFT_VERSION = 5.0;
				TARGETED_DEVICE_FAMILY = "1,2";
			};
			name = Debug;
		};
		4A0000010000000000000701 /* Release */ = {
			isa = XCBuildConfiguration;
			baseConfigurationReference = 4A0000010000000000000113 /* Release.xcconfig */;
			buildSettings = {
				CLANG_ENABLE_MODULES = YES;
				CODE_SIGN_STYLE = Automatic;
				GENERATE_INFOPLIST_FILE = NO;
				INFOPLIST_FILE = WebGuard/Info.plist;
				IPHONEOS_DEPLOYMENT_TARGET = 17.0;
				SDKROOT = iphoneos;
				SWIFT_VERSION = 5.0;
				TARGETED_DEVICE_FAMILY = "1,2";
				VALIDATE_PRODUCT = YES;
			};
			name = Release;
		};
		4A0000010000000000000702 /* Debug */ = {
			isa = XCBuildConfiguration;
			baseConfigurationReference = 4A0000010000000000000112 /* Debug.xcconfig */;
			buildSettings = {
				ASSETCATALOG_COMPILER_APPICON_NAME = AppIcon;
				CODE_SIGN_ENTITLEMENTS = WebGuard/WebGuard.entitlements;
				ENABLE_TESTABILITY = YES;
				PRODUCT_NAME = "$(TARGET_NAME)";
				SWIFT_OPTIMIZATION_LEVEL = "-Onone";
			};
			name = Debug;
		};
		4A0000010000000000000703 /* Release */ = {
			isa = XCBuildConfiguration;
			baseConfigurationReference = 4A0000010000000000000113 /* Release.xcconfig */;
			buildSettings = {
				ASSETCATALOG_COMPILER_APPICON_NAME = AppIcon;
				CODE_SIGN_ENTITLEMENTS = WebGuard/WebGuard.entitlements;
				PRODUCT_NAME = "$(TARGET_NAME)";
			};
			name = Release;
		};
		4A0000020000000000000700 /* Debug */ = {
			isa = XCBuildConfiguration;
			baseConfigurationReference = 4A0000010000000000000112 /* Debug.xcconfig */;
			buildSettings = {
				BUNDLE_LOADER = "$(TEST_HOST)";
				CODE_SIGN_STYLE = Automatic;
				GENERATE_INFOPLIST_FILE = YES;
				IPHONEOS_DEPLOYMENT_TARGET = 17.0;
				PRODUCT_BUNDLE_IDENTIFIER = com.example.webguard.tests;
				PRODUCT_NAME = "$(TARGET_NAME)";
				SWIFT_VERSION = 5.0;
				TEST_HOST = "$(BUILT_PRODUCTS_DIR)/WebGuard.app/$(BUNDLE_EXECUTABLE_FOLDER_PATH)/WebGuard";
			};
			name = Debug;
		};
		4A0000020000000000000701 /* Release */ = {
			isa = XCBuildConfiguration;
			baseConfigurationReference = 4A0000010000000000000113 /* Release.xcconfig */;
			buildSettings = {
				BUNDLE_LOADER = "$(TEST_HOST)";
				CODE_SIGN_STYLE = Automatic;
				GENERATE_INFOPLIST_FILE = YES;
				IPHONEOS_DEPLOYMENT_TARGET = 17.0;
				PRODUCT_BUNDLE_IDENTIFIER = com.example.webguard.tests;
				PRODUCT_NAME = "$(TARGET_NAME)";
				SWIFT_VERSION = 5.0;
				TEST_HOST = "$(BUILT_PRODUCTS_DIR)/WebGuard.app/$(BUNDLE_EXECUTABLE_FOLDER_PATH)/WebGuard";
			};
			name = Release;
		};
		4A0000030000000000000704 /* Debug */ = {
			isa = XCBuildConfiguration;
			baseConfigurationReference = 4A0000010000000000000112 /* Debug.xcconfig */;
			buildSettings = {
				CODE_SIGN_ENTITLEMENTS = WebGuardWidget/WebGuardWidget.entitlements;
				CODE_SIGN_STYLE = Automatic;
				GENERATE_INFOPLIST_FILE = NO;
				INFOPLIST_FILE = WebGuardWidget/Info.plist;
				IPHONEOS_DEPLOYMENT_TARGET = 17.0;
				PRODUCT_BUNDLE_IDENTIFIER = com.example.webguard.widget;
				PRODUCT_NAME = "$(TARGET_NAME)";
				SKIP_INSTALL = YES;
				SWIFT_VERSION = 5.0;
				TARGETED_DEVICE_FAMILY = "1,2";
			};
			name = Debug;
		};
		4A0000030000000000000705 /* Release */ = {
			isa = XCBuildConfiguration;
			baseConfigurationReference = 4A0000010000000000000113 /* Release.xcconfig */;
			buildSettings = {
				CODE_SIGN_ENTITLEMENTS = WebGuardWidget/WebGuardWidget.entitlements;
				CODE_SIGN_STYLE = Automatic;
				GENERATE_INFOPLIST_FILE = NO;
				INFOPLIST_FILE = WebGuardWidget/Info.plist;
				IPHONEOS_DEPLOYMENT_TARGET = 17.0;
				PRODUCT_BUNDLE_IDENTIFIER = com.example.webguard.widget;
				PRODUCT_NAME = "$(TARGET_NAME)";
				SKIP_INSTALL = YES;
				SWIFT_VERSION = 5.0;
				TARGETED_DEVICE_FAMILY = "1,2";
			};
			name = Release;
		};
/* End XCBuildConfiguration section */

/* Begin XCConfigurationList section */
		4A0000010000000000000600 /* Build configuration list for PBXProject "WebGuard" */ = {
			isa = XCConfigurationList;
			buildConfigurations = (
				4A0000010000000000000700 /* Debug */,
				4A0000010000000000000701 /* Release */,
			);
			defaultConfigurationIsVisible = 0;
			defaultConfigurationName = Release;
		};
		4A0000010000000000000601 /* Build configuration list for PBXNativeTarget "WebGuard" */ = {
			isa = XCConfigurationList;
			buildConfigurations = (
				4A0000010000000000000702 /* Debug */,
				4A0000010000000000000703 /* Release */,
			);
			defaultConfigurationIsVisible = 0;
			defaultConfigurationName = Release;
		};
		4A0000020000000000000600 /* Build configuration list for PBXNativeTarget "WebGuardTests" */ = {
			isa = XCConfigurationList;
			buildConfigurations = (
				4A0000020000000000000700 /* Debug */,
				4A0000020000000000000701 /* Release */,
			);
			defaultConfigurationIsVisible = 0;
			defaultConfigurationName = Release;
		};
		4A0000030000000000000602 /* Build configuration list for PBXNativeTarget "WebGuardWidget" */ = {
			isa = XCConfigurationList;
			buildConfigurations = (
				4A0000030000000000000704 /* Debug */,
				4A0000030000000000000705 /* Release */,
			);
			defaultConfigurationIsVisible = 0;
			defaultConfigurationName = Release;
		};
/* End XCConfigurationList section */
	};
	rootObject = 4A0000010000000000000401 /* Project object */;
}
